
Microsoft Visual Studio Solution File, Format Version 12.00
# Visual Studio Version 17
VisualStudioVersion = 17.5.33502.453
MinimumVisualStudioVersion = 10.0.40219.1
Project("{FAE04EC0-301F-11D3-BF4B-00C04F79EFBC}") = "CampoMinado", "CampoMinado\CampoMinado.csproj", "{CC000C25-8503-4383-82FB-D526EDA4581C}"
EndProject
Global
	GlobalSection(SolutionConfigurationPlatforms) = preSolution
		Debug|Any CPU = Debug|Any CPU
		Release|Any CPU = Release|Any CPU
	EndGlobalSection
	GlobalSection(ProjectConfigurationPlatforms) = postSolution
		{CC000C25-8503-4383-82FB-D526EDA4581C}.Debug|Any CPU.ActiveCfg = Debug|Any CPU
		{CC000C25-8503-4383-82FB-D526EDA4581C}.Debug|Any CPU.Build.0 = Debug|Any CPU
		{CC000C25-8503-4383-82FB-D526EDA4581C}.Release|Any CPU.ActiveCfg = Release|Any CPU
		{CC000C25-8503-4383-82FB-D526EDA4581C}.Release|Any CPU.Build.0 = Release|Any CPU
	EndGlobalSection
	GlobalSection(SolutionProperties) = preSolution
		HideSolutionNode = FALSE
	EndGlobalSection
	GlobalSection(ExtensibilityGlobals) = postSolution
		SolutionGuid = {00A1B422-9944-497B-93BB-34BF3D78D035}
	EndGlobalSection
EndGlobal
